// !$*UTF8*$!
{
	archiveVersion = 1;
	classes = {
	};
	objectVersion = 46;
	objects = {

/* Begin PBXBuildFile section */
		982CE722B7697E95E1F76AC0 /* libPods-Team.a in Frameworks */ = {isa = PBXBuildFile; fileRef = 9BF8A6FB1A40A01732F721BE /* libPods-Team.a */; };
		F50304901F021B44006D50CF /* Team.storyboard in Resources */ = {isa = PBXBuildFile; fileRef = F503048F1F021B44006D50CF /* Team.storyboard */; };
		F50304921F021B4C006D50CF /* Settings.storyboard in Resources */ = {isa = PBXBuildFile; fileRef = F50304911F021B4C006D50CF /* Settings.storyboard */; };
		F50304951F021B6C006D50CF /* TeamVC.m in Sources */ = {isa = PBXBuildFile; fileRef = F50304941F021B6C006D50CF /* TeamVC.m */; };
		F50304981F021B88006D50CF /* SettingsVC.m in Sources */ = {isa = PBXBuildFile; fileRef = F50304971F021B88006D50CF /* SettingsVC.m */; };
		F503049B1F021C60006D50CF /* SlackService.m in Sources */ = {isa = PBXBuildFile; fileRef = F503049A1F021C60006D50CF /* SlackService.m */; };
		F503049D1F021CDC006D50CF /* DefaultPreferences.plist in Resources */ = {isa = PBXBuildFile; fileRef = F503049C1F021CDC006D50CF /* DefaultPreferences.plist */; };
		F5DEE2621F0217970019D5B9 /* main.m in Sources */ = {isa = PBXBuildFile; fileRef = F5DEE2611F0217970019D5B9 /* main.m */; };
		F5DEE2651F0217970019D5B9 /* AppDelegate.m in Sources */ = {isa = PBXBuildFile; fileRef = F5DEE2641F0217970019D5B9 /* AppDelegate.m */; };
		F5DEE26B1F0217970019D5B9 /* Main.storyboard in Resources */ = {isa = PBXBuildFile; fileRef = F5DEE2691F0217970019D5B9 /* Main.storyboard */; };
		F5DEE26E1F0217970019D5B9 /* Team.xcdatamodeld in Sources */ = {isa = PBXBuildFile; fileRef = F5DEE26C1F0217970019D5B9 /* Team.xcdatamodeld */; };
		F5DEE2701F0217970019D5B9 /* Assets.xcassets in Resources */ = {isa = PBXBuildFile; fileRef = F5DEE26F1F0217970019D5B9 /* Assets.xcassets */; };
		F5DEE2731F0217970019D5B9 /* LaunchScreen.storyboard in Resources */ = {isa = PBXBuildFile; fileRef = F5DEE2711F0217970019D5B9 /* LaunchScreen.storyboard */; };
		F5DEE27E1F0217970019D5B9 /* TeamTests.m in Sources */ = {isa = PBXBuildFile; fileRef = F5DEE27D1F0217970019D5B9 /* TeamTests.m */; };
		F5DEE2891F0217970019D5B9 /* TeamUITests.m in Sources */ = {isa = PBXBuildFile; fileRef = F5DEE2881F0217970019D5B9 /* TeamUITests.m */; };
/* End PBXBuildFile section */

/* Begin PBXContainerItemProxy section */
		F5DEE27A1F0217970019D5B9 /* PBXContainerItemProxy */ = {
			isa = PBXContainerItemProxy;
			containerPortal = F5DEE2551F0217970019D5B9 /* Project object */;
			proxyType = 1;
			remoteGlobalIDString = F5DEE25C1F0217970019D5B9;
			remoteInfo = Team;
		};
		F5DEE2851F0217970019D5B9 /* PBXContainerItemProxy */ = {
			isa = PBXContainerItemProxy;
			containerPortal = F5DEE2551F0217970019D5B9 /* Project object */;
			proxyType = 1;
			remoteGlobalIDString = F5DEE25C1F0217970019D5B9;
			remoteInfo = Team;
		};
/* End PBXContainerItemProxy section */

/* Begin PBXFileReference section */
		7B6F9F1B27FCD2102BA74A32 /* Pods-Team.release.xcconfig */ = {isa = PBXFileReference; includeInIndex = 1; lastKnownFileType = text.xcconfig; name = "Pods-Team.release.xcconfig"; path = "Pods/Target Support Files/Pods-Team/Pods-Team.release.xcconfig"; sourceTree = "<group>"; };
		9BF8A6FB1A40A01732F721BE /* libPods-Team.a */ = {isa = PBXFileReference; explicitFileType = archive.ar; includeInIndex = 0; path = "libPods-Team.a"; sourceTree = BUILT_PRODUCTS_DIR; };
		E4E4D0F92307D4102B0BC3D1 /* Pods-Team.debug.xcconfig */ = {isa = PBXFileReference; includeInIndex = 1; lastKnownFileType = text.xcconfig; name = "Pods-Team.debug.xcconfig"; path = "Pods/Target Support Files/Pods-Team/Pods-Team.debug.xcconfig"; sourceTree = "<group>"; };
		F503048F1F021B44006D50CF /* Team.storyboard */ = {isa = PBXFileReference; fileEncoding = 4; lastKnownFileType = file.storyboard; path = Team.storyboard; sourceTree = "<group>"; };
		F50304911F021B4C006D50CF /* Settings.storyboard */ = {isa = PBXFileReference; fileEncoding = 4; lastKnownFileType = file.storyboard; path = Settings.storyboard; sourceTree = "<group>"; };
		F50304931F021B6C006D50CF /* TeamVC.h */ = {isa = PBXFileReference; fileEncoding = 4; lastKnownFileType = sourcecode.c.h; path = TeamVC.h; sourceTree = "<group>"; };
		F50304941F021B6C006D50CF /* TeamVC.m */ = {isa = PBXFileReference; fileEncoding = 4; lastKnownFileType = sourcecode.c.objc; path = TeamVC.m; sourceTree = "<group>"; };
		F50304961F021B88006D50CF /* SettingsVC.h */ = {isa = PBXFileReference; fileEncoding = 4; lastKnownFileType = sourcecode.c.h; path = SettingsVC.h; sourceTree = "<group>"; };
		F50304971F021B88006D50CF /* SettingsVC.m */ = {isa = PBXFileReference; fileEncoding = 4; lastKnownFileType = sourcecode.c.objc; path = SettingsVC.m; sourceTree = "<group>"; };
		F50304991F021C60006D50CF /* SlackService.h */ = {isa = PBXFileReference; fileEncoding = 4; lastKnownFileType = sourcecode.c.h; path = SlackService.h; sourceTree = "<group>"; };
		F503049A1F021C60006D50CF /* SlackService.m */ = {isa = PBXFileReference; fileEncoding = 4; lastKnownFileType = sourcecode.c.objc; path = SlackService.m; sourceTree = "<group>"; };
		F503049C1F021CDC006D50CF /* DefaultPreferences.plist */ = {isa = PBXFileReference; fileEncoding = 4; lastKnownFileType = text.plist.xml; path = DefaultPreferences.plist; sourceTree = "<group>"; };
		F5DEE25D1F0217970019D5B9 /* Team.app */ = {isa = PBXFileReference; explicitFileType = wrapper.application; includeInIndex = 0; path = Team.app; sourceTree = BUILT_PRODUCTS_DIR; };
		F5DEE2611F0217970019D5B9 /* main.m */ = {isa = PBXFileReference; lastKnownFileType = sourcecode.c.objc; path = main.m; sourceTree = "<group>"; };
		F5DEE2631F0217970019D5B9 /* AppDelegate.h */ = {isa = PBXFileReference; lastKnownFileType = sourcecode.c.h; path = AppDelegate.h; sourceTree = "<group>"; };
		F5DEE2641F0217970019D5B9 /* AppDelegate.m */ = {isa = PBXFileReference; lastKnownFileType = sourcecode.c.objc; path = AppDelegate.m; sourceTree = "<group>"; };
		F5DEE26A1F0217970019D5B9 /* Base */ = {isa = PBXFileReference; lastKnownFileType = file.storyboard; name = Base; path = Base.lproj/Main.storyboard; sourceTree = "<group>"; };
		F5DEE26D1F0217970019D5B9 /* Team.xcdatamodel */ = {isa = PBXFileReference; lastKnownFileType = wrapper.xcdatamodel; path = Team.xcdatamodel; sourceTree = "<group>"; };
		F5DEE26F1F0217970019D5B9 /* Assets.xcassets */ = {isa = PBXFileReference; lastKnownFileType = folder.assetcatalog; path = Assets.xcassets; sourceTree = "<group>"; };
		F5DEE2721F0217970019D5B9 /* Base */ = {isa = PBXFileReference; lastKnownFileType = file.storyboard; name = Base; path = Base.lproj/LaunchScreen.storyboard; sourceTree = "<group>"; };
		F5DEE2741F0217970019D5B9 /* Info.plist */ = {isa = PBXFileReference; lastKnownFileType = text.plist.xml; path = Info.plist; sourceTree = "<group>"; };
		F5DEE2791F0217970019D5B9 /* TeamTests.xctest */ = {isa = PBXFileReference; explicitFileType = wrapper.cfbundle; includeInIndex = 0; path = TeamTests.xctest; sourceTree = BUILT_PRODUCTS_DIR; };
		F5DEE27D1F0217970019D5B9 /* TeamTests.m */ = {isa = PBXFileReference; lastKnownFileType = sourcecode.c.objc; path = TeamTests.m; sourceTree = "<group>"; };
		F5DEE27F1F0217970019D5B9 /* Info.plist */ = {isa = PBXFileReference; lastKnownFileType = text.plist.xml; path = Info.plist; sourceTree = "<group>"; };
		F5DEE2841F0217970019D5B9 /* TeamUITests.xctest */ = {isa = PBXFileReference; explicitFileType = wrapper.cfbundle; includeInIndex = 0; path = TeamUITests.xctest; sourceTree = BUILT_PRODUCTS_DIR; };
		F5DEE2881F0217970019D5B9 /* TeamUITests.m */ = {isa = PBXFileReference; lastKnownFileType = sourcecode.c.objc; path = TeamUITests.m; sourceTree = "<group>"; };
		F5DEE28A1F0217970019D5B9 /* Info.plist */ = {isa = PBXFileReference; lastKnownFileType = text.plist.xml; path = Info.plist; sourceTree = "<group>"; };
/* End PBXFileReference section */

/* Begin PBXFrameworksBuildPhase section */
		F5DEE25A1F0217970019D5B9 /* Frameworks */ = {
			isa = PBXFrameworksBuildPhase;
			buildActionMask = 2147483647;
			files = (
				982CE722B7697E95E1F76AC0 /* libPods-Team.a in Frameworks */,
			);
			runOnlyForDeploymentPostprocessing = 0;
		};
		F5DEE2761F0217970019D5B9 /* Frameworks */ = {
			isa = PBXFrameworksBuildPhase;
			buildActionMask = 2147483647;
			files = (
			);
			runOnlyForDeploymentPostprocessing = 0;
		};
		F5DEE2811F0217970019D5B9 /* Frameworks */ = {
			isa = PBXFrameworksBuildPhase;
			buildActionMask = 2147483647;
			files = (
			);
			runOnlyForDeploymentPostprocessing = 0;
		};
/* End PBXFrameworksBuildPhase section */

/* Begin PBXGroup section */
		C4071B563DB59540AF8CC10E /* Frameworks */ = {
			isa = PBXGroup;
			children = (
				9BF8A6FB1A40A01732F721BE /* libPods-Team.a */,
			);
			name = Frameworks;
			sourceTree = "<group>";
		};
		D4EAF8B935B84F7AF9329900 /* Pods */ = {
			isa = PBXGroup;
			children = (
				E4E4D0F92307D4102B0BC3D1 /* Pods-Team.debug.xcconfig */,
				7B6F9F1B27FCD2102BA74A32 /* Pods-Team.release.xcconfig */,
			);
			name = Pods;
			sourceTree = "<group>";
		};
		F503048A1F021B01006D50CF /* Utils */ = {
			isa = PBXGroup;
			children = (
			);
			name = Utils;
			sourceTree = "<group>";
		};
		F503048B1F021B09006D50CF /* Controllers */ = {
			isa = PBXGroup;
			children = (
				F50304931F021B6C006D50CF /* TeamVC.h */,
				F50304941F021B6C006D50CF /* TeamVC.m */,
				F50304961F021B88006D50CF /* SettingsVC.h */,
				F50304971F021B88006D50CF /* SettingsVC.m */,
			);
			name = Controllers;
			sourceTree = "<group>";
		};
		F503048C1F021B18006D50CF /* Views */ = {
			isa = PBXGroup;
			children = (
				F503048F1F021B44006D50CF /* Team.storyboard */,
				F50304911F021B4C006D50CF /* Settings.storyboard */,
			);
			name = Views;
			sourceTree = "<group>";
		};
		F503048D1F021B1E006D50CF /* Model */ = {
			isa = PBXGroup;
			children = (
			);
			name = Model;
			sourceTree = "<group>";
		};
		F503048E1F021B22006D50CF /* Services */ = {
			isa = PBXGroup;
			children = (
				F50304991F021C60006D50CF /* SlackService.h */,
				F503049A1F021C60006D50CF /* SlackService.m */,
			);
			name = Services;
			sourceTree = "<group>";
		};
		F5DEE2541F0217970019D5B9 = {
			isa = PBXGroup;
			children = (
				F5DEE25F1F0217970019D5B9 /* Team */,
				F5DEE27C1F0217970019D5B9 /* TeamTests */,
				F5DEE2871F0217970019D5B9 /* TeamUITests */,
				F5DEE25E1F0217970019D5B9 /* Products */,
				D4EAF8B935B84F7AF9329900 /* Pods */,
				C4071B563DB59540AF8CC10E /* Frameworks */,
			);
			sourceTree = "<group>";
		};
		F5DEE25E1F0217970019D5B9 /* Products */ = {
			isa = PBXGroup;
			children = (
				F5DEE25D1F0217970019D5B9 /* Team.app */,
				F5DEE2791F0217970019D5B9 /* TeamTests.xctest */,
				F5DEE2841F0217970019D5B9 /* TeamUITests.xctest */,
			);
			name = Products;
			sourceTree = "<group>";
		};
		F5DEE25F1F0217970019D5B9 /* Team */ = {
			isa = PBXGroup;
			children = (
				F503048A1F021B01006D50CF /* Utils */,
				F503048E1F021B22006D50CF /* Services */,
				F503048D1F021B1E006D50CF /* Model */,
				F503048C1F021B18006D50CF /* Views */,
				F503048B1F021B09006D50CF /* Controllers */,
				F5DEE2631F0217970019D5B9 /* AppDelegate.h */,
				F5DEE2641F0217970019D5B9 /* AppDelegate.m */,
				F5DEE2691F0217970019D5B9 /* Main.storyboard */,
				F5DEE2711F0217970019D5B9 /* LaunchScreen.storyboard */,
				F5DEE26F1F0217970019D5B9 /* Assets.xcassets */,
				F5DEE26C1F0217970019D5B9 /* Team.xcdatamodeld */,
				F5DEE2601F0217970019D5B9 /* Supporting Files */,
			);
			path = Team;
			sourceTree = "<group>";
		};
		F5DEE2601F0217970019D5B9 /* Supporting Files */ = {
			isa = PBXGroup;
			children = (
				F5DEE2611F0217970019D5B9 /* main.m */,
				F5DEE2741F0217970019D5B9 /* Info.plist */,
				F503049C1F021CDC006D50CF /* DefaultPreferences.plist */,
			);
			name = "Supporting Files";
			sourceTree = "<group>";
		};
		F5DEE27C1F0217970019D5B9 /* TeamTests */ = {
			isa = PBXGroup;
			children = (
				F5DEE27D1F0217970019D5B9 /* TeamTests.m */,
				F5DEE27F1F0217970019D5B9 /* Info.plist */,
			);
			path = TeamTests;
			sourceTree = "<group>";
		};
		F5DEE2871F0217970019D5B9 /* TeamUITests */ = {
			isa = PBXGroup;
			children = (
				F5DEE2881F0217970019D5B9 /* TeamUITests.m */,
				F5DEE28A1F0217970019D5B9 /* Info.plist */,
			);
			path = TeamUITests;
			sourceTree = "<group>";
		};
/* End PBXGroup section */

/* Begin PBXNativeTarget section */
		F5DEE25C1F0217970019D5B9 /* Team */ = {
			isa = PBXNativeTarget;
			buildConfigurationList = F5DEE28D1F0217970019D5B9 /* Build configuration list for PBXNativeTarget "Team" */;
			buildPhases = (
				F5DAD2317FE4C5A12B23A2AD /* [CP] Check Pods Manifest.lock */,
				F5DEE2591F0217970019D5B9 /* Sources */,
				F5DEE25A1F0217970019D5B9 /* Frameworks */,
				F5DEE25B1F0217970019D5B9 /* Resources */,
				45D68167C454917C349B1193 /* [CP] Embed Pods Frameworks */,
				2E24EF85A4A868ABC9756C9A /* [CP] Copy Pods Resources */,
			);
			buildRules = (
			);
			dependencies = (
			);
			name = Team;
			productName = Team;
			productReference = F5DEE25D1F0217970019D5B9 /* Team.app */;
			productType = "com.apple.product-type.application";
		};
		F5DEE2781F0217970019D5B9 /* TeamTests */ = {
			isa = PBXNativeTarget;
			buildConfigurationList = F5DEE2901F0217970019D5B9 /* Build configuration list for PBXNativeTarget "TeamTests" */;
			buildPhases = (
				F5DEE2751F0217970019D5B9 /* Sources */,
				F5DEE2761F0217970019D5B9 /* Frameworks */,
				F5DEE2771F0217970019D5B9 /* Resources */,
			);
			buildRules = (
			);
			dependencies = (
				F5DEE27B1F0217970019D5B9 /* PBXTargetDependency */,
			);
			name = TeamTests;
			productName = TeamTests;
			productReference = F5DEE2791F0217970019D5B9 /* TeamTests.xctest */;
			productType = "com.apple.product-type.bundle.unit-test";
		};
		F5DEE2831F0217970019D5B9 /* TeamUITests */ = {
			isa = PBXNativeTarget;
			buildConfigurationList = F5DEE2931F0217970019D5B9 /* Build configuration list for PBXNativeTarget "TeamUITests" */;
			buildPhases = (
				F5DEE2801F0217970019D5B9 /* Sources */,
				F5DEE2811F0217970019D5B9 /* Frameworks */,
				F5DEE2821F0217970019D5B9 /* Resources */,
			);
			buildRules = (
			);
			dependencies = (
				F5DEE2861F0217970019D5B9 /* PBXTargetDependency */,
			);
			name = TeamUITests;
			productName = TeamUITests;
			productReference = F5DEE2841F0217970019D5B9 /* TeamUITests.xctest */;
			productType = "com.apple.product-type.bundle.ui-testing";
		};
/* End PBXNativeTarget section */

/* Begin PBXProject section */
		F5DEE2551F0217970019D5B9 /* Project object */ = {
			isa = PBXProject;
			attributes = {
				LastUpgradeCheck = 0830;
				ORGANIZATIONNAME = "Fouad Allaoui";
				TargetAttributes = {
					F5DEE25C1F0217970019D5B9 = {
						CreatedOnToolsVersion = 8.3.2;
						DevelopmentTeam = VHVF86FA7C;
						ProvisioningStyle = Automatic;
					};
					F5DEE2781F0217970019D5B9 = {
						CreatedOnToolsVersion = 8.3.2;
						DevelopmentTeam = VHVF86FA7C;
						ProvisioningStyle = Automatic;
						TestTargetID = F5DEE25C1F0217970019D5B9;
					};
					F5DEE2831F0217970019D5B9 = {
						CreatedOnToolsVersion = 8.3.2;
						DevelopmentTeam = VHVF86FA7C;
						ProvisioningStyle = Automatic;
						TestTargetID = F5DEE25C1F0217970019D5B9;
					};
				};
			};
			buildConfigurationList = F5DEE2581F0217970019D5B9 /* Build configuration list for PBXProject "Team" */;
			compatibilityVersion = "Xcode 3.2";
			developmentRegion = English;
			hasScannedForEncodings = 0;
			knownRegions = (
				en,
				Base,
			);
			mainGroup = F5DEE2541F0217970019D5B9;
			productRefGroup = F5DEE25E1F0217970019D5B9 /* Products */;
			projectDirPath = "";
			projectRoot = "";
			targets = (
				F5DEE25C1F0217970019D5B9 /* Team */,
				F5DEE2781F0217970019D5B9 /* TeamTests */,
				F5DEE2831F0217970019D5B9 /* TeamUITests */,
			);
		};
/* End PBXProject section */

/* Begin PBXResourcesBuildPhase section */
		F5DEE25B1F0217970019D5B9 /* Resources */ = {
			isa = PBXResourcesBuildPhase;
			buildActionMask = 2147483647;
			files = (
				F5DEE2731F0217970019D5B9 /* LaunchScreen.storyboard in Resources */,
				F50304901F021B44006D50CF /* Team.storyboard in Resources */,
				F5DEE2701F0217970019D5B9 /* Assets.xcassets in Resources */,
				F5DEE26B1F0217970019D5B9 /* Main.storyboard in Resources */,
				F50304921F021B4C006D50CF /* Settings.storyboard in Resources */,
				F503049D1F021CDC006D50CF /* DefaultPreferences.plist in Resources */,
			);
			runOnlyForDeploymentPostprocessing = 0;
		};
		F5DEE2771F0217970019D5B9 /* Resources */ = {
			isa = PBXResourcesBuildPhase;
			buildActionMask = 2147483647;
			files = (
			);
			runOnlyForDeploymentPostprocessing = 0;
		};
		F5DEE2821F0217970019D5B9 /* Resources */ = {
			isa = PBXResourcesBuildPhase;
			buildActionMask = 2147483647;
			files = (
			);
			runOnlyForDeploymentPostprocessing = 0;
		};
/* End PBXResourcesBuildPhase section */

/* Begin PBXShellScriptBuildPhase section */
		2E24EF85A4A868ABC9756C9A /* [CP] Copy Pods Resources */ = {
			isa = PBXShellScriptBuildPhase;
			buildActionMask = 2147483647;
			files = (
			);
			inputPaths = (
			);
			name = "[CP] Copy Pods Resources";
			outputPaths = (
			);
			runOnlyForDeploymentPostprocessing = 0;
			shellPath = /bin/sh;
			shellScript = "\"${SRCROOT}/Pods/Target Support Files/Pods-Team/Pods-Team-resources.sh\"\n";
			showEnvVarsInLog = 0;
		};
		45D68167C454917C349B1193 /* [CP] Embed Pods Frameworks */ = {
			isa = PBXShellScriptBuildPhase;
			buildActionMask = 2147483647;
			files = (
			);
			inputPaths = (
			);
			name = "[CP] Embed Pods Frameworks";
			outputPaths = (
			);
			runOnlyForDeploymentPostprocessing = 0;
			shellPath = /bin/sh;
			shellScript = "\"${SRCROOT}/Pods/Target Support Files/Pods-Team/Pods-Team-frameworks.sh\"\n";
			showEnvVarsInLog = 0;
		};
		F5DAD2317FE4C5A12B23A2AD /* [CP] Check Pods Manifest.lock */ = {
			isa = PBXShellScriptBuildPhase;
			buildActionMask = 2147483647;
			files = (
			);
			inputPaths = (
			);
			name = "[CP] Check Pods Manifest.lock";
			outputPaths = (
			);
			runOnlyForDeploymentPostprocessing = 0;
			shellPath = /bin/sh;
			shellScript = "diff \"${PODS_ROOT}/../Podfile.lock\" \"${PODS_ROOT}/Manifest.lock\" > /dev/null\nif [[ $? != 0 ]] ; then\n    cat << EOM\nerror: The sandbox is not in sync with the Podfile.lock. Run 'pod install' or update your CocoaPods installation.\nEOM\n    exit 1\nfi\n";
			showEnvVarsInLog = 0;
		};
/* End PBXShellScriptBuildPhase section */

/* Begin PBXSourcesBuildPhase section */
		F5DEE2591F0217970019D5B9 /* Sources */ = {
			isa = PBXSourcesBuildPhase;
			buildActionMask = 2147483647;
			files = (
				F503049B1F021C60006D50CF /* SlackService.m in Sources */,
				F5DEE26E1F0217970019D5B9 /* Team.xcdatamodeld in Sources */,
				F50304981F021B88006D50CF /* SettingsVC.m in Sources */,
				F5DEE2651F0217970019D5B9 /* AppDelegate.m in Sources */,
				F5DEE2621F0217970019D5B9 /* main.m in Sources */,
				F50304951F021B6C006D50CF /* TeamVC.m in Sources */,
			);
			runOnlyForDeploymentPostprocessing = 0;
		};
		F5DEE2751F0217970019D5B9 /* Sources */ = {
			isa = PBXSourcesBuildPhase;
			buildActionMask = 2147483647;
			files = (
				F5DEE27E1F0217970019D5B9 /* TeamTests.m in Sources */,
			);
			runOnlyForDeploymentPostprocessing = 0;
		};
		F5DEE2801F0217970019D5B9 /* Sources */ = {
			isa = PBXSourcesBuildPhase;
			buildActionMask = 2147483647;
			files = (
				F5DEE2891F0217970019D5B9 /* TeamUITests.m in Sources */,
			);
			runOnlyForDeploymentPostprocessing = 0;
		};
/* End PBXSourcesBuildPhase section */

/* Begin PBXTargetDependency section */
		F5DEE27B1F0217970019D5B9 /* PBXTargetDependency */ = {
			isa = PBXTargetDependency;
			target = F5DEE25C1F0217970019D5B9 /* Team */;
			targetProxy = F5DEE27A1F0217970019D5B9 /* PBXContainerItemProxy */;
		};
		F5DEE2861F0217970019D5B9 /* PBXTargetDependency */ = {
			isa = PBXTargetDependency;
			target = F5DEE25C1F0217970019D5B9 /* Team */;
			targetProxy = F5DEE2851F0217970019D5B9 /* PBXContainerItemProxy */;
		};
/* End PBXTargetDependency section */

/* Begin PBXVariantGroup section */
		F5DEE2691F0217970019D5B9 /* Main.storyboard */ = {
			isa = PBXVariantGroup;
			children = (
				F5DEE26A1F0217970019D5B9 /* Base */,
			);
			name = Main.storyboard;
			sourceTree = "<group>";
		};
		F5DEE2711F0217970019D5B9 /* LaunchScreen.storyboard */ = {
			isa = PBXVariantGroup;
			children = (
				F5DEE2721F0217970019D5B9 /* Base */,
			);
			name = LaunchScreen.storyboard;
			sourceTree = "<group>";
		};
/* End PBXVariantGroup section */

/* Begin XCBuildConfiguration section */
		F5DEE28B1F0217970019D5B9 /* Debug */ = {
			isa = XCBuildConfiguration;
			buildSettings = {
				ALWAYS_SEARCH_USER_PATHS = NO;
				CLANG_ANALYZER_NONNULL = YES;
				CLANG_ANALYZER_NUMBER_OBJECT_CONVERSION = YES_AGGRESSIVE;
				CLANG_CXX_LANGUAGE_STANDARD = "gnu++0x";
				CLANG_CXX_LIBRARY = "libc++";
				CLANG_ENABLE_MODULES = YES;
				CLANG_ENABLE_OBJC_ARC = YES;
				CLANG_WARN_BOOL_CONVERSION = YES;
				CLANG_WARN_CONSTANT_CONVERSION = YES;
				CLANG_WARN_DIRECT_OBJC_ISA_USAGE = YES_ERROR;
				CLANG_WARN_DOCUMENTATION_COMMENTS = YES;
				CLANG_WARN_EMPTY_BODY = YES;
				CLANG_WARN_ENUM_CONVERSION = YES;
				CLANG_WARN_INFINITE_RECURSION = YES;
				CLANG_WARN_INT_CONVERSION = YES;
				CLANG_WARN_OBJC_ROOT_CLASS = YES_ERROR;
				CLANG_WARN_SUSPICIOUS_MOVE = YES;
				CLANG_WARN_UNREACHABLE_CODE = YES;
				CLANG_WARN__DUPLICATE_METHOD_MATCH = YES;
				"CODE_SIGN_IDENTITY[sdk=iphoneos*]" = "iPhone Developer";
				COPY_PHASE_STRIP = NO;
				DEBUG_INFORMATION_FORMAT = dwarf;
				ENABLE_STRICT_OBJC_MSGSEND = YES;
				ENABLE_TESTABILITY = YES;
				GCC_C_LANGUAGE_STANDARD = gnu99;
				GCC_DYNAMIC_NO_PIC = NO;
				GCC_NO_COMMON_BLOCKS = YES;
				GCC_OPTIMIZATION_LEVEL = 0;
				GCC_PREPROCESSOR_DEFINITIONS = (
					"DEBUG=1",
					"$(inherited)",
				);
				GCC_WARN_64_TO_32_BIT_CONVERSION = YES;
				GCC_WARN_ABOUT_RETURN_TYPE = YES_ERROR;
				GCC_WARN_UNDECLARED_SELECTOR = YES;
				GCC_WARN_UNINITIALIZED_AUTOS = YES_AGGRESSIVE;
				GCC_WARN_UNUSED_FUNCTION = YES;
				GCC_WARN_UNUSED_VARIABLE = YES;
				IPHONEOS_DEPLOYMENT_TARGET = 10.3;
				MTL_ENABLE_DEBUG_INFO = YES;
				ONLY_ACTIVE_ARCH = YES;
				SDKROOT = iphoneos;
				TARGETED_DEVICE_FAMILY = "1,2";
			};
			name = Debug;
		};
		F5DEE28C1F0217970019D5B9 /* Release */ = {
			isa = XCBuildConfiguration;
			buildSettings = {
				ALWAYS_SEARCH_USER_PATHS = NO;
				CLANG_ANALYZER_NONNULL = YES;
				CLANG_ANALYZER_NUMBER_OBJECT_CONVERSION = YES_AGGRESSIVE;
				CLANG_CXX_LANGUAGE_STANDARD = "gnu++0x";
				CLANG_CXX_LIBRARY = "libc++";
				CLANG_ENABLE_MODULES = YES;
				CLANG_ENABLE_OBJC_ARC = YES;
				CLANG_WARN_BOOL_CONVERSION = YES;
				CLANG_WARN_CONSTANT_CONVERSION = YES;
				CLANG_WARN_DIRECT_OBJC_ISA_USAGE = YES_ERROR;
				CLANG_WARN_DOCUMENTATION_COMMENTS = YES;
				CLANG_WARN_EMPTY_BODY = YES;
				CLANG_WARN_ENUM_CONVERSION = YES;
				CLANG_WARN_INFINITE_RECURSION = YES;
				CLANG_WARN_INT_CONVERSION = YES;
				CLANG_WARN_OBJC_ROOT_CLASS = YES_ERROR;
				CLANG_WARN_SUSPICIOUS_MOVE = YES;
				CLANG_WARN_UNREACHABLE_CODE = YES;
				CLANG_WARN__DUPLICATE_METHOD_MATCH = YES;
				"CODE_SIGN_IDENTITY[sdk=iphoneos*]" = "iPhone Developer";
				COPY_PHASE_STRIP = NO;
				DEBUG_INFORMATION_FORMAT = "dwarf-with-dsym";
				ENABLE_NS_ASSERTIONS = NO;
				ENABLE_STRICT_OBJC_MSGSEND = YES;
				GCC_C_LANGUAGE_STANDARD = gnu99;
				GCC_NO_COMMON_BLOCKS = YES;
				GCC_WARN_64_TO_32_BIT_CONVERSION = YES;
				GCC_WARN_ABOUT_RETURN_TYPE = YES_ERROR;
				GCC_WARN_UNDECLARED_SELECTOR = YES;
				GCC_WARN_UNINITIALIZED_AUTOS = YES_AGGRESSIVE;
				GCC_WARN_UNUSED_FUNCTION = YES;
				GCC_WARN_UNUSED_VARIABLE = YES;
				IPHONEOS_DEPLOYMENT_TARGET = 10.3;
				MTL_ENABLE_DEBUG_INFO = NO;
				SDKROOT = iphoneos;
				TARGETED_DEVICE_FAMILY = "1,2";
				VALIDATE_PRODUCT = YES;
			};
			name = Release;
		};
		F5DEE28E1F0217970019D5B9 /* Debug */ = {
			isa = XCBuildConfiguration;
			baseConfigurationReference = E4E4D0F92307D4102B0BC3D1 /* Pods-Team.debug.xcconfig */;
			buildSettings = {
				ASSETCATALOG_COMPILER_APPICON_NAME = AppIcon;
				DEVELOPMENT_TEAM = VHVF86FA7C;
				INFOPLIST_FILE = Team/Info.plist;
				LD_RUNPATH_SEARCH_PATHS = "$(inherited) @executable_path/Frameworks";
				PRODUCT_BUNDLE_IDENTIFIER = com.staglab.Team;
				PRODUCT_NAME = "$(TARGET_NAME)";
			};
			name = Debug;
		};
		F5DEE28F1F0217970019D5B9 /* Release */ = {
			isa = XCBuildConfiguration;
			baseConfigurationReference = 7B6F9F1B27FCD2102BA74A32 /* Pods-Team.release.xcconfig */;
			buildSettings = {
				ASSETCATALOG_COMPILER_APPICON_NAME = AppIcon;
				DEVELOPMENT_TEAM = VHVF86FA7C;
				INFOPLIST_FILE = Team/Info.plist;
				LD_RUNPATH_SEARCH_PATHS = "$(inherited) @executable_path/Frameworks";
				PRODUCT_BUNDLE_IDENTIFIER = com.staglab.Team;
				PRODUCT_NAME = "$(TARGET_NAME)";
			};
			name = Release;
		};
		F5DEE2911F0217970019D5B9 /* Debug */ = {
			isa = XCBuildConfiguration;
			buildSettings = {
				BUNDLE_LOADER = "$(TEST_HOST)";
				DEVELOPMENT_TEAM = VHVF86FA7C;
				INFOPLIST_FILE = TeamTests/Info.plist;
				LD_RUNPATH_SEARCH_PATHS = "$(inherited) @executable_path/Frameworks @loader_path/Frameworks";
				PRODUCT_BUNDLE_IDENTIFIER = com.staglab.TeamTests;
				PRODUCT_NAME = "$(TARGET_NAME)";
				TEST_HOST = "$(BUILT_PRODUCTS_DIR)/Team.app/Team";
			};
			name = Debug;
		};
		F5DEE2921F0217970019D5B9 /* Release */ = {
			isa = XCBuildConfiguration;
			buildSettings = {
				BUNDLE_LOADER = "$(TEST_HOST)";
				DEVELOPMENT_TEAM = VHVF86FA7C;
				INFOPLIST_FILE = TeamTests/Info.plist;
				LD_RUNPATH_SEARCH_PATHS = "$(inherited) @executable_path/Frameworks @loader_path/Frameworks";
				PRODUCT_BUNDLE_IDENTIFIER = com.staglab.TeamTests;
				PRODUCT_NAME = "$(TARGET_NAME)";
				TEST_HOST = "$(BUILT_PRODUCTS_DIR)/Team.app/Team";
			};
			name = Release;
		};
		F5DEE2941F0217970019D5B9 /* Debug */ = {
			isa = XCBuildConfiguration;
			buildSettings = {
				DEVELOPMENT_TEAM = VHVF86FA7C;
				INFOPLIST_FILE = TeamUITests/Info.plist;
				LD_RUNPATH_SEARCH_PATHS = "$(inherited) @executable_path/Frameworks @loader_path/Frameworks";
				PRODUCT_BUNDLE_IDENTIFIER = com.staglab.TeamUITests;
				PRODUCT_NAME = "$(TARGET_NAME)";
				TEST_TARGET_NAME = Team;
			};
			name = Debug;
		};
		F5DEE2951F0217970019D5B9 /* Release */ = {
			isa = XCBuildConfiguration;
			buildSettings = {
				DEVELOPMENT_TEAM = VHVF86FA7C;
				INFOPLIST_FILE = TeamUITests/Info.plist;
				LD_RUNPATH_SEARCH_PATHS = "$(inherited) @executable_path/Frameworks @loader_path/Frameworks";
				PRODUCT_BUNDLE_IDENTIFIER = com.staglab.TeamUITests;
				PRODUCT_NAME = "$(TARGET_NAME)";
				TEST_TARGET_NAME = Team;
			};
			name = Release;
		};
/* End XCBuildConfiguration section */

/* Begin XCConfigurationList section */
		F5DEE2581F0217970019D5B9 /* Build configuration list for PBXProject "Team" */ = {
			isa = XCConfigurationList;
			buildConfigurations = (
				F5DEE28B1F0217970019D5B9 /* Debug */,
				F5DEE28C1F0217970019D5B9 /* Release */,
			);
			defaultConfigurationIsVisible = 0;
			defaultConfigurationName = Release;
		};
		F5DEE28D1F0217970019D5B9 /* Build configuration list for PBXNativeTarget "Team" */ = {
			isa = XCConfigurationList;
			buildConfigurations = (
				F5DEE28E1F0217970019D5B9 /* Debug */,
				F5DEE28F1F0217970019D5B9 /* Release */,
			);
			defaultConfigurationIsVisible = 0;
			defaultConfigurationName = Release;
		};
		F5DEE2901F0217970019D5B9 /* Build configuration list for PBXNativeTarget "TeamTests" */ = {
			isa = XCConfigurationList;
			buildConfigurations = (
				F5DEE2911F0217970019D5B9 /* Debug */,
				F5DEE2921F0217970019D5B9 /* Release */,
			);
			defaultConfigurationIsVisible = 0;
			defaultConfigurationName = Release;
		};
		F5DEE2931F0217970019D5B9 /* Build configuration list for PBXNativeTarget "TeamUITests" */ = {
			isa = XCConfigurationList;
			buildConfigurations = (
				F5DEE2941F0217970019D5B9 /* Debug */,
				F5DEE2951F0217970019D5B9 /* Release */,
			);
			defaultConfigurationIsVisible = 0;
			defaultConfigurationName = Release;
		};
/* End XCConfigurationList section */

/* Begin XCVersionGroup section */
		F5DEE26C1F0217970019D5B9 /* Team.xcdatamodeld */ = {
			isa = XCVersionGroup;
			children = (
				F5DEE26D1F0217970019D5B9 /* Team.xcdatamodel */,
			);
			currentVersion = F5DEE26D1F0217970019D5B9 /* Team.xcdatamodel */;
			path = Team.xcdatamodeld;
			sourceTree = "<group>";
			versionGroupType = wrapper.xcdatamodel;
		};
/* End XCVersionGroup section */
	};
	rootObject = F5DEE2551F0217970019D5B9 /* Project object */;
}
